
Microsoft Visual Studio Solution File, Format Version 12.00
# Visual Studio Version 16
VisualStudioVersion = 16.0.30011.22
MinimumVisualStudioVersion = 10.0.40219.1
Project("{FAE04EC0-301F-11D3-BF4B-00C04F79EFBC}") = "FuelRed.Common", "FuelRed.Common\FuelRed.Common.csproj", "{613F6642-314A-49AB-8AE8-41EAC5B422DE}"
EndProject
Project("{FAE04EC0-301F-11D3-BF4B-00C04F79EFBC}") = "FuelRed.Prism", "FuelRed.Prism\FuelRed.Prism\FuelRed.Prism.csproj", "{79FD9184-1939-415A-AEEA-7BAA9E8BAFDE}"
EndProject
Project("{FAE04EC0-301F-11D3-BF4B-00C04F79EFBC}") = "FuelRed.Prism.Android", "FuelRed.Prism\FuelRed.Prism.Android\FuelRed.Prism.Android.csproj", "{E6706540-99A2-4E77-8138-5E4EBB009AEA}"
EndProject
Project("{FAE04EC0-301F-11D3-BF4B-00C04F79EFBC}") = "FuelRed.Prism.iOS", "FuelRed.Prism\FuelRed.Prism.iOS\FuelRed.Prism.iOS.csproj", "{A6F3FB88-3BDD-443B-8EF0-1B2BC724C389}"
EndProject
Project("{FAE04EC0-301F-11D3-BF4B-00C04F79EFBC}") = "FuelRed.Web", "FuelRed.Web\FuelRed.Web.csproj", "{BF58EBDF-2FE9-4EF0-B09D-BEDB8B281B9F}"
EndProject
Global
	GlobalSection(SolutionConfigurationPlatforms) = preSolution
		Ad-Hoc|Any CPU = Ad-Hoc|Any CPU
		Ad-Hoc|iPhone = Ad-Hoc|iPhone
		Ad-Hoc|iPhoneSimulator = Ad-Hoc|iPhoneSimulator
		AppStore|Any CPU = AppStore|Any CPU
		AppStore|iPhone = AppStore|iPhone
		AppStore|iPhoneSimulator = AppStore|iPhoneSimulator
		Debug|Any CPU = Debug|Any CPU
		Debug|iPhone = Debug|iPhone
		Debug|iPhoneSimulator = Debug|iPhoneSimulator
		Release|Any CPU = Release|Any CPU
		Release|iPhone = Release|iPhone
		Release|iPhoneSimulator = Release|iPhoneSimulator
	EndGlobalSection
	GlobalSection(ProjectConfigurationPlatforms) = postSolution
		{613F6642-314A-49AB-8AE8-41EAC5B422DE}.Ad-Hoc|Any CPU.ActiveCfg = Debug|Any CPU
		{613F6642-314A-49AB-8AE8-41EAC5B422DE}.Ad-Hoc|Any CPU.Build.0 = Debug|Any CPU
		{613F6642-314A-49AB-8AE8-41EAC5B422DE}.Ad-Hoc|iPhone.ActiveCfg = Debug|Any CPU
		{613F6642-314A-49AB-8AE8-41EAC5B422DE}.Ad-Hoc|iPhone.Build.0 = Debug|Any CPU
		{613F6642-314A-49AB-8AE8-41EAC5B422DE}.Ad-Hoc|iPhoneSimulator.ActiveCfg = Debug|Any CPU
		{613F6642-314A-49AB-8AE8-41EAC5B422DE}.Ad-Hoc|iPhoneSimulator.Build.0 = Debug|Any CPU
		{613F6642-314A-49AB-8AE8-41EAC5B422DE}.AppStore|Any CPU.ActiveCfg = Debug|Any CPU
		{613F6642-314A-49AB-8AE8-41EAC5B422DE}.AppStore|Any CPU.Build.0 = Debug|Any CPU
		{613F6642-314A-49AB-8AE8-41EAC5B422DE}.AppStore|iPhone.ActiveCfg = Debug|Any CPU
		{613F6642-314A-49AB-8AE8-41EAC5B422DE}.AppStore|iPhone.Build.0 = Debug|Any CPU
		{613F6642-314A-49AB-8AE8-41EAC5B422DE}.AppStore|iPhoneSimulator.ActiveCfg = Debug|Any CPU
		{613F6642-314A-49AB-8AE8-41EAC5B422DE}.AppStore|iPhoneSimulator.Build.0 = Debug|Any CPU
		{613F6642-314A-49AB-8AE8-41EAC5B422DE}.Debug|Any CPU.ActiveCfg = Debug|Any CPU
		{613F6642-314A-49AB-8AE8-41EAC5B422DE}.Debug|Any CPU.Build.0 = Debug|Any CPU
		{613F6642-314A-49AB-8AE8-41EAC5B422DE}.Debug|iPhone.ActiveCfg = Debug|Any CPU
		{613F6642-314A-49AB-8AE8-41EAC5B422DE}.Debug|iPhone.Build.0 = Debug|Any CPU
		{613F6642-314A-49AB-8AE8-41EAC5B422DE}.Debug|iPhoneSimulator.ActiveCfg = Debug|Any CPU
		{613F6642-314A-49AB-8AE8-41EAC5B422DE}.Debug|iPhoneSimulator.Build.0 = Debug|Any CPU
		{613F6642-314A-49AB-8AE8-41EAC5B422DE}.Release|Any CPU.ActiveCfg = Release|Any CPU
		{613F6642-314A-49AB-8AE8-41EAC5B422DE}.Release|Any CPU.Build.0 = Release|Any CPU
		{613F6642-314A-49AB-8AE8-41EAC5B422DE}.Release|iPhone.ActiveCfg = Release|Any CPU
		{613F6642-314A-49AB-8AE8-41EAC5B422DE}.Release|iPhone.Build.0 = Release|Any CPU
		{613F6642-314A-49AB-8AE8-41EAC5B422DE}.Release|iPhoneSimulator.ActiveCfg = Release|Any CPU
		{613F6642-314A-49AB-8AE8-41EAC5B422DE}.Release|iPhoneSimulator.Build.0 = Release|Any CPU
		{79FD9184-1939-415A-AEEA-7BAA9E8BAFDE}.Ad-Hoc|Any CPU.ActiveCfg = Debug|Any CPU
		{79FD9184-1939-415A-AEEA-7BAA9E8BAFDE}.Ad-Hoc|Any CPU.Build.0 = Debug|Any CPU
		{79FD9184-1939-415A-AEEA-7BAA9E8BAFDE}.Ad-Hoc|iPhone.ActiveCfg = Debug|Any CPU
		{79FD9184-1939-415A-AEEA-7BAA9E8BAFDE}.Ad-Hoc|iPhone.Build.0 = Debug|Any CPU
		{79FD9184-1939-415A-AEEA-7BAA9E8BAFDE}.Ad-Hoc|iPhoneSimulator.ActiveCfg = Debug|Any CPU
		{79FD9184-1939-415A-AEEA-7BAA9E8BAFDE}.Ad-Hoc|iPhoneSimulator.Build.0 = Debug|Any CPU
		{79FD9184-1939-415A-AEEA-7BAA9E8BAFDE}.AppStore|Any CPU.ActiveCfg = Debug|Any CPU
		{79FD9184-1939-415A-AEEA-7BAA9E8BAFDE}.AppStore|Any CPU.Build.0 = Debug|Any CPU
		{79FD9184-1939-415A-AEEA-7BAA9E8BAFDE}.AppStore|iPhone.ActiveCfg = Debug|Any CPU
		{79FD9184-1939-415A-AEEA-7BAA9E8BAFDE}.AppStore|iPhone.Build.0 = Debug|Any CPU
		{79FD9184-1939-415A-AEEA-7BAA9E8BAFDE}.AppStore|iPhoneSimulator.ActiveCfg = Debug|Any CPU
		{79FD9184-1939-415A-AEEA-7BAA9E8BAFDE}.AppStore|iPhoneSimulator.Build.0 = Debug|Any CPU
		{79FD9184-1939-415A-AEEA-7BAA9E8BAFDE}.Debug|Any CPU.ActiveCfg = Debug|Any CPU
		{79FD9184-1939-415A-AEEA-7BAA9E8BAFDE}.Debug|Any CPU.Build.0 = Debug|Any CPU
		{79FD9184-1939-415A-AEEA-7BAA9E8BAFDE}.Debug|iPhone.ActiveCfg = Debug|Any CPU
		{79FD9184-1939-415A-AEEA-7BAA9E8BAFDE}.Debug|iPhone.Build.0 = Debug|Any CPU
		{79FD9184-1939-415A-AEEA-7BAA9E8BAFDE}.Debug|iPhoneSimulator.ActiveCfg = Debug|Any CPU
		{79FD9184-1939-415A-AEEA-7BAA9E8BAFDE}.Debug|iPhoneSimulator.Build.0 = Debug|Any CPU
		{79FD9184-1939-415A-AEEA-7BAA9E8BAFDE}.Release|Any CPU.ActiveCfg = Release|Any CPU
		{79FD9184-1939-415A-AEEA-7BAA9E8BAFDE}.Release|Any CPU.Build.0 = Release|Any CPU
		{79FD9184-1939-415A-AEEA-7BAA9E8BAFDE}.Release|iPhone.ActiveCfg = Release|Any CPU
		{79FD9184-1939-415A-AEEA-7BAA9E8BAFDE}.Release|iPhone.Build.0 = Release|Any CPU
		{79FD9184-1939-415A-AEEA-7BAA9E8BAFDE}.Release|iPhoneSimulator.ActiveCfg = Release|Any CPU
		{79FD9184-1939-415A-AEEA-7BAA9E8BAFDE}.Release|iPhoneSimulator.Build.0 = Release|Any CPU
		{E6706540-99A2-4E77-8138-5E4EBB009AEA}.Ad-Hoc|Any CPU.ActiveCfg = Release|Any CPU
		{E6706540-99A2-4E77-8138-5E4EBB009AEA}.Ad-Hoc|Any CPU.Build.0 = Release|Any CPU
		{E6706540-99A2-4E77-8138-5E4EBB009AEA}.Ad-Hoc|Any CPU.Deploy.0 = Release|Any CPU
		{E6706540-99A2-4E77-8138-5E4EBB009AEA}.Ad-Hoc|iPhone.ActiveCfg = Release|Any CPU
		{E6706540-99A2-4E77-8138-5E4EBB009AEA}.Ad-Hoc|iPhone.Build.0 = Release|Any CPU
		{E6706540-99A2-4E77-8138-5E4EBB009AEA}.Ad-Hoc|iPhone.Deploy.0 = Release|Any CPU
		{E6706540-99A2-4E77-8138-5E4EBB009AEA}.Ad-Hoc|iPhoneSimulator.ActiveCfg = Release|Any CPU
		{E6706540-99A2-4E77-8138-5E4EBB009AEA}.Ad-Hoc|iPhoneSimulator.Build.0 = Release|Any CPU
		{E6706540-99A2-4E77-8138-5E4EBB009AEA}.Ad-Hoc|iPhoneSimulator.Deploy.0 = Release|Any CPU
		{E6706540-99A2-4E77-8138-5E4EBB009AEA}.AppStore|Any CPU.ActiveCfg = Release|Any CPU
		{E6706540-99A2-4E77-8138-5E4EBB009AEA}.AppStore|Any CPU.Build.0 = Release|Any CPU
		{E6706540-99A2-4E77-8138-5E4EBB009AEA}.AppStore|Any CPU.Deploy.0 = Release|Any CPU
		{E6706540-99A2-4E77-8138-5E4EBB009AEA}.AppStore|iPhone.ActiveCfg = Release|Any CPU
		{E6706540-99A2-4E77-8138-5E4EBB009AEA}.AppStore|iPhone.Build.0 = Release|Any CPU
		{E6706540-99A2-4E77-8138-5E4EBB009AEA}.AppStore|iPhone.Deploy.0 = Release|Any CPU
		{E6706540-99A2-4E77-8138-5E4EBB009AEA}.AppStore|iPhoneSimulator.ActiveCfg = Release|Any CPU
		{E6706540-99A2-4E77-8138-5E4EBB009AEA}.AppStore|iPhoneSimulator.Build.0 = Release|Any CPU
		{E6706540-99A2-4E77-8138-5E4EBB009AEA}.AppStore|iPhoneSimulator.Deploy.0 = Release|Any CPU
		{E6706540-99A2-4E77-8138-5E4EBB009AEA}.Debug|Any CPU.ActiveCfg = Debug|Any CPU
		{E6706540-99A2-4E77-8138-5E4EBB009AEA}.Debug|Any CPU.Build.0 = Debug|Any CPU
		{E6706540-99A2-4E77-8138-5E4EBB009AEA}.Debug|Any CPU.Deploy.0 = Debug|Any CPU
		{E6706540-99A2-4E77-8138-5E4EBB009AEA}.Debug|iPhone.ActiveCfg = Debug|Any CPU
		{E6706540-99A2-4E77-8138-5E4EBB009AEA}.Debug|iPhone.Build.0 = Debug|Any CPU
		{E6706540-99A2-4E77-8138-5E4EBB009AEA}.Debug|iPhone.Deploy.0 = Debug|Any CPU
		{E6706540-99A2-4E77-8138-5E4EBB009AEA}.Debug|iPhoneSimulator.ActiveCfg = Debug|Any CPU
		{E6706540-99A2-4E77-8138-5E4EBB009AEA}.Debug|iPhoneSimulator.Build.0 = Debug|Any CPU
		{E6706540-99A2-4E77-8138-5E4EBB009AEA}.Debug|iPhoneSimulator.Deploy.0 = Debug|Any CPU
		{E6706540-99A2-4E77-8138-5E4EBB009AEA}.Release|Any CPU.ActiveCfg = Release|Any CPU
		{E6706540-99A2-4E77-8138-5E4EBB009AEA}.Release|Any CPU.Build.0 = Release|Any CPU
		{E6706540-99A2-4E77-8138-5E4EBB009AEA}.Release|Any CPU.Deploy.0 = Release|Any CPU
		{E6706540-99A2-4E77-8138-5E4EBB009AEA}.Release|iPhone.ActiveCfg = Release|Any CPU
		{E6706540-99A2-4E77-8138-5E4EBB009AEA}.Release|iPhone.Build.0 = Release|Any CPU
		{E6706540-99A2-4E77-8138-5E4EBB009AEA}.Release|iPhone.Deploy.0 = Release|Any CPU
		{E6706540-99A2-4E77-8138-5E4EBB009AEA}.Release|iPhoneSimulator.ActiveCfg = Release|Any CPU
		{E6706540-99A2-4E77-8138-5E4EBB009AEA}.Release|iPhoneSimulator.Build.0 = Release|Any CPU
		{E6706540-99A2-4E77-8138-5E4EBB009AEA}.Release|iPhoneSimulator.Deploy.0 = Release|Any CPU
		{A6F3FB88-3BDD-443B-8EF0-1B2BC724C389}.Ad-Hoc|Any CPU.ActiveCfg = Ad-Hoc|iPhone
		{A6F3FB88-3BDD-443B-8EF0-1B2BC724C389}.Ad-Hoc|iPhone.ActiveCfg = Ad-Hoc|iPhone
		{A6F3FB88-3BDD-443B-8EF0-1B2BC724C389}.Ad-Hoc|iPhone.Build.0 = Ad-Hoc|iPhone
		{A6F3FB88-3BDD-443B-8EF0-1B2BC724C389}.Ad-Hoc|iPhoneSimulator.ActiveCfg = Ad-Hoc|iPhoneSimulator
		{A6F3FB88-3BDD-443B-8EF0-1B2BC724C389}.Ad-Hoc|iPhoneSimulator.Build.0 = Ad-Hoc|iPhoneSimulator
		{A6F3FB88-3BDD-443B-8EF0-1B2BC724C389}.AppStore|Any CPU.ActiveCfg = AppStore|iPhone
		{A6F3FB88-3BDD-443B-8EF0-1B2BC724C389}.AppStore|iPhone.ActiveCfg = AppStore|iPhone
		{A6F3FB88-3BDD-443B-8EF0-1B2BC724C389}.AppStore|iPhone.Build.0 = AppStore|iPhone
		{A6F3FB88-3BDD-443B-8EF0-1B2BC724C389}.AppStore|iPhoneSimulator.ActiveCfg = AppStore|iPhoneSimulator
		{A6F3FB88-3BDD-443B-8EF0-1B2BC724C389}.AppStore|iPhoneSimulator.Build.0 = AppStore|iPhoneSimulator
		{A6F3FB88-3BDD-443B-8EF0-1B2BC724C389}.Debug|Any CPU.ActiveCfg = Debug|iPhone
		{A6F3FB88-3BDD-443B-8EF0-1B2BC724C389}.Debug|iPhone.ActiveCfg = Debug|iPhone
		{A6F3FB88-3BDD-443B-8EF0-1B2BC724C389}.Debug|iPhone.Build.0 = Debug|iPhone
		{A6F3FB88-3BDD-443B-8EF0-1B2BC724C389}.Debug|iPhoneSimulator.ActiveCfg = Debug|iPhoneSimulator
		{A6F3FB88-3BDD-443B-8EF0-1B2BC724C389}.Debug|iPhoneSimulator.Build.0 = Debug|iPhoneSimulator
		{A6F3FB88-3BDD-443B-8EF0-1B2BC724C389}.Release|Any CPU.ActiveCfg = Release|iPhone
		{A6F3FB88-3BDD-443B-8EF0-1B2BC724C389}.Release|iPhone.ActiveCfg = Release|iPhone
		{A6F3FB88-3BDD-443B-8EF0-1B2BC724C389}.Release|iPhone.Build.0 = Release|iPhone
		{A6F3FB88-3BDD-443B-8EF0-1B2BC724C389}.Release|iPhoneSimulator.ActiveCfg = Release|iPhoneSimulator
		{A6F3FB88-3BDD-443B-8EF0-1B2BC724C389}.Release|iPhoneSimulator.Build.0 = Release|iPhoneSimulator
		{BF58EBDF-2FE9-4EF0-B09D-BEDB8B281B9F}.Ad-Hoc|Any CPU.ActiveCfg = Debug|Any CPU
		{BF58EBDF-2FE9-4EF0-B09D-BEDB8B281B9F}.Ad-Hoc|Any CPU.Build.0 = Debug|Any CPU
		{BF58EBDF-2FE9-4EF0-B09D-BEDB8B281B9F}.Ad-Hoc|iPhone.ActiveCfg = Debug|Any CPU
		{BF58EBDF-2FE9-4EF0-B09D-BEDB8B281B9F}.Ad-Hoc|iPhone.Build.0 = Debug|Any CPU
		{BF58EBDF-2FE9-4EF0-B09D-BEDB8B281B9F}.Ad-Hoc|iPhoneSimulator.ActiveCfg = Debug|Any CPU
		{BF58EBDF-2FE9-4EF0-B09D-BEDB8B281B9F}.Ad-Hoc|iPhoneSimulator.Build.0 = Debug|Any CPU
		{BF58EBDF-2FE9-4EF0-B09D-BEDB8B281B9F}.AppStore|Any CPU.ActiveCfg = Debug|Any CPU
		{BF58EBDF-2FE9-4EF0-B09D-BEDB8B281B9F}.AppStore|Any CPU.Build.0 = Debug|Any CPU
		{BF58EBDF-2FE9-4EF0-B09D-BEDB8B281B9F}.AppStore|iPhone.ActiveCfg = Debug|Any CPU
		{BF58EBDF-2FE9-4EF0-B09D-BEDB8B281B9F}.AppStore|iPhone.Build.0 = Debug|Any CPU
		{BF58EBDF-2FE9-4EF0-B09D-BEDB8B281B9F}.AppStore|iPhoneSimulator.ActiveCfg = Debug|Any CPU
		{BF58EBDF-2FE9-4EF0-B09D-BEDB8B281B9F}.AppStore|iPhoneSimulator.Build.0 = Debug|Any CPU
		{BF58EBDF-2FE9-4EF0-B09D-BEDB8B281B9F}.Debug|Any CPU.ActiveCfg = Debug|Any CPU
		{BF58EBDF-2FE9-4EF0-B09D-BEDB8B281B9F}.Debug|Any CPU.Build.0 = Debug|Any CPU
		{BF58EBDF-2FE9-4EF0-B09D-BEDB8B281B9F}.Debug|iPhone.ActiveCfg = Debug|Any CPU
		{BF58EBDF-2FE9-4EF0-B09D-BEDB8B281B9F}.Debug|iPhone.Build.0 = Debug|Any CPU
		{BF58EBDF-2FE9-4EF0-B09D-BEDB8B281B9F}.Debug|iPhoneSimulator.ActiveCfg = Debug|Any CPU
		{BF58EBDF-2FE9-4EF0-B09D-BEDB8B281B9F}.Debug|iPhoneSimulator.Build.0 = Debug|Any CPU
		{BF58EBDF-2FE9-4EF0-B09D-BEDB8B281B9F}.Release|Any CPU.ActiveCfg = Release|Any CPU
		{BF58EBDF-2FE9-4EF0-B09D-BEDB8B281B9F}.Release|Any CPU.Build.0 = Release|Any CPU
		{BF58EBDF-2FE9-4EF0-B09D-BEDB8B281B9F}.Release|iPhone.ActiveCfg = Release|Any CPU
		{BF58EBDF-2FE9-4EF0-B09D-BEDB8B281B9F}.Release|iPhone.Build.0 = Release|Any CPU
		{BF58EBDF-2FE9-4EF0-B09D-BEDB8B281B9F}.Release|iPhoneSimulator.ActiveCfg = Release|Any CPU
		{BF58EBDF-2FE9-4EF0-B09D-BEDB8B281B9F}.Release|iPhoneSimulator.Build.0 = Release|Any CPU
	EndGlobalSection
	GlobalSection(SolutionProperties) = preSolution
		HideSolutionNode = FALSE
	EndGlobalSection
	GlobalSection(ExtensibilityGlobals) = postSolution
		SolutionGuid = {7F452A28-FD12-4330-9F8E-9EF4FA3688F7}
	EndGlobalSection
EndGlobal
